
Microsoft Visual Studio Solution File, Format Version 12.00
# Visual Studio 14
VisualStudioVersion = 14.0.25123.0
MinimumVisualStudioVersion = 10.0.40219.1
Project("{17A9DC9D-7706-468E-8114-5EB879CBF47F}") = "Sitecore.Support.149150", "Sitecore.Support.149150\Sitecore.Support.149150.csproj", "{46DB8F19-EF28-4FA0-BFFC-6E775975BD2D}"
EndProject
Global
	GlobalSection(SolutionConfigurationPlatforms) = preSolution
		Debug|Any CPU = Debug|Any CPU
		Release|Any CPU = Release|Any CPU
	EndGlobalSection
	GlobalSection(ProjectConfigurationPlatforms) = postSolution
		{46DB8F19-EF28-4FA0-BFFC-6E775975BD2D}.Debug|Any CPU.ActiveCfg = Debug|Any CPU
		{46DB8F19-EF28-4FA0-BFFC-6E775975BD2D}.Debug|Any CPU.Build.0 = Debug|Any CPU
		{46DB8F19-EF28-4FA0-BFFC-6E775975BD2D}.Release|Any CPU.ActiveCfg = Release|Any CPU
		{46DB8F19-EF28-4FA0-BFFC-6E775975BD2D}.Release|Any CPU.Build.0 = Release|Any CPU
	EndGlobalSection
	GlobalSection(SolutionProperties) = preSolution
		HideSolutionNode = FALSE
	EndGlobalSection
EndGlobal
